{
  "name": "pc-server",
  "version": "1.0.0",
  "lockfileVersion": 1,
  "requires": true,
  "dependencies": {
    "pc-api": {
      "version": "file:../pc-api",
      "requires": {
        "pc-business": "file:../pc-business"
      },
      "dependencies": {
        "pc-business": {
          "version": "file:../pc-business",
          "bundled": true,
          "requires": {
            "pc-data": "file:../pc-data"
          },
          "dependencies": {
            "pc-data": {
              "version": "file:../pc-data",
              "bundled": true
            }
          }
        }
      }
    }
  }
}
